
Microsoft Visual Studio Solution File, Format Version 12.00
# Visual Studio Version 16
VisualStudioVersion = 16.0.30225.117
MinimumVisualStudioVersion = 10.0.40219.1
Project("{FAE04EC0-301F-11D3-BF4B-00C04F79EFBC}") = "TaskCRM", "TaskCRM\TaskCRM.csproj", "{EBCEE222-3636-4F7F-A420-F9273E4B9A54}"
EndProject
Global
	GlobalSection(SolutionConfigurationPlatforms) = preSolution
		Debug|Any CPU = Debug|Any CPU
		Release|Any CPU = Release|Any CPU
	EndGlobalSection
	GlobalSection(ProjectConfigurationPlatforms) = postSolution
		{EBCEE222-3636-4F7F-A420-F9273E4B9A54}.Debug|Any CPU.ActiveCfg = Debug|Any CPU
		{EBCEE222-3636-4F7F-A420-F9273E4B9A54}.Debug|Any CPU.Build.0 = Debug|Any CPU
		{EBCEE222-3636-4F7F-A420-F9273E4B9A54}.Release|Any CPU.ActiveCfg = Release|Any CPU
		{EBCEE222-3636-4F7F-A420-F9273E4B9A54}.Release|Any CPU.Build.0 = Release|Any CPU
	EndGlobalSection
	GlobalSection(SolutionProperties) = preSolution
		HideSolutionNode = FALSE
	EndGlobalSection
	GlobalSection(ExtensibilityGlobals) = postSolution
		SolutionGuid = {5611791C-15EC-4130-BFB3-10537BE70C47}
	EndGlobalSection
EndGlobal
